// !$*UTF8*$!
{
	archiveVersion = 1;
	classes = {
	};
	objectVersion = 55;
	objects = {

/* Begin PBXBuildFile section */
		BF16B38B282FD5E30055379F /* AppArchitectureTests.swift in Sources */ = {isa = PBXBuildFile; fileRef = BF16B38A282FD5E30055379F /* AppArchitectureTests.swift */; };
		BF16B392282FD8700055379F /* Coordinator.swift in Sources */ = {isa = PBXBuildFile; fileRef = BF16B391282FD8700055379F /* Coordinator.swift */; };
		BF16B394282FD89D0055379F /* MainCoordinator.swift in Sources */ = {isa = PBXBuildFile; fileRef = BF16B393282FD89D0055379F /* MainCoordinator.swift */; };
		BF257A062829A2960030AC44 /* AppDelegate.swift in Sources */ = {isa = PBXBuildFile; fileRef = BF257A052829A2960030AC44 /* AppDelegate.swift */; };
		BF257A082829A2960030AC44 /* SceneDelegate.swift in Sources */ = {isa = PBXBuildFile; fileRef = BF257A072829A2960030AC44 /* SceneDelegate.swift */; };
		BF257A0D2829A2960030AC44 /* Main.storyboard in Resources */ = {isa = PBXBuildFile; fileRef = BF257A0B2829A2960030AC44 /* Main.storyboard */; };
		BF257A0F2829A2970030AC44 /* Assets.xcassets in Resources */ = {isa = PBXBuildFile; fileRef = BF257A0E2829A2970030AC44 /* Assets.xcassets */; };
		BF257A122829A2970030AC44 /* LaunchScreen.storyboard in Resources */ = {isa = PBXBuildFile; fileRef = BF257A102829A2970030AC44 /* LaunchScreen.storyboard */; };
		BF257A1D2829A3200030AC44 /* Model.swift in Sources */ = {isa = PBXBuildFile; fileRef = BF257A192829A3200030AC44 /* Model.swift */; };
		BF257A1E2829A3200030AC44 /* MovieCell.swift in Sources */ = {isa = PBXBuildFile; fileRef = BF257A1A2829A3200030AC44 /* MovieCell.swift */; };
		BF257A1F2829A3200030AC44 /* MovieDetailsViewController.swift in Sources */ = {isa = PBXBuildFile; fileRef = BF257A1B2829A3200030AC44 /* MovieDetailsViewController.swift */; };
		BF257A202829A3200030AC44 /* MoviesViewController.swift in Sources */ = {isa = PBXBuildFile; fileRef = BF257A1C2829A3200030AC44 /* MoviesViewController.swift */; };
		BF7E7434282AFCA400DD6425 /* Variable.swift in Sources */ = {isa = PBXBuildFile; fileRef = BF7E7433282AFCA400DD6425 /* Variable.swift */; };
		BF7E7436282AFCB800DD6425 /* MoviesViewModel.swift in Sources */ = {isa = PBXBuildFile; fileRef = BF7E7435282AFCB800DD6425 /* MoviesViewModel.swift */; };
		BF7E743A282AFE5900DD6425 /* MovieDetailsViewModel.swift in Sources */ = {isa = PBXBuildFile; fileRef = BF7E7439282AFE5900DD6425 /* MovieDetailsViewModel.swift */; };
		BF7E743C282B010700DD6425 /* MoviesService.swift in Sources */ = {isa = PBXBuildFile; fileRef = BF7E743B282B010700DD6425 /* MoviesService.swift */; };
		BF7E743E282B01AA00DD6425 /* MovieDetailsService.swift in Sources */ = {isa = PBXBuildFile; fileRef = BF7E743D282B01AA00DD6425 /* MovieDetailsService.swift */; };
		BF7E7440282B027700DD6425 /* ViewControllerProvider.swift in Sources */ = {isa = PBXBuildFile; fileRef = BF7E743F282B027700DD6425 /* ViewControllerProvider.swift */; };
/* End PBXBuildFile section */

/* Begin PBXContainerItemProxy section */
		BF16B38C282FD5E30055379F /* PBXContainerItemProxy */ = {
			isa = PBXContainerItemProxy;
			containerPortal = BF2579FA2829A2960030AC44 /* Project object */;
			proxyType = 1;
			remoteGlobalIDString = BF257A012829A2960030AC44;
			remoteInfo = AppArchitecture;
		};
/* End PBXContainerItemProxy section */

/* Begin PBXFileReference section */
		BF16B388282FD5E30055379F /* AppArchitectureTests.xctest */ = {isa = PBXFileReference; explicitFileType = wrapper.cfbundle; includeInIndex = 0; path = AppArchitectureTests.xctest; sourceTree = BUILT_PRODUCTS_DIR; };
		BF16B38A282FD5E30055379F /* AppArchitectureTests.swift */ = {isa = PBXFileReference; lastKnownFileType = sourcecode.swift; path = AppArchitectureTests.swift; sourceTree = "<group>"; };
		BF16B391282FD8700055379F /* Coordinator.swift */ = {isa = PBXFileReference; lastKnownFileType = sourcecode.swift; path = Coordinator.swift; sourceTree = "<group>"; };
		BF16B393282FD89D0055379F /* MainCoordinator.swift */ = {isa = PBXFileReference; lastKnownFileType = sourcecode.swift; path = MainCoordinator.swift; sourceTree = "<group>"; };
		BF257A022829A2960030AC44 /* AppArchitecture.app */ = {isa = PBXFileReference; explicitFileType = wrapper.application; includeInIndex = 0; path = AppArchitecture.app; sourceTree = BUILT_PRODUCTS_DIR; };
		BF257A052829A2960030AC44 /* AppDelegate.swift */ = {isa = PBXFileReference; lastKnownFileType = sourcecode.swift; path = AppDelegate.swift; sourceTree = "<group>"; };
		BF257A072829A2960030AC44 /* SceneDelegate.swift */ = {isa = PBXFileReference; lastKnownFileType = sourcecode.swift; path = SceneDelegate.swift; sourceTree = "<group>"; };
		BF257A0C2829A2960030AC44 /* Base */ = {isa = PBXFileReference; lastKnownFileType = file.storyboard; name = Base; path = Base.lproj/Main.storyboard; sourceTree = "<group>"; };
		BF257A0E2829A2970030AC44 /* Assets.xcassets */ = {isa = PBXFileReference; lastKnownFileType = folder.assetcatalog; path = Assets.xcassets; sourceTree = "<group>"; };
		BF257A112829A2970030AC44 /* Base */ = {isa = PBXFileReference; lastKnownFileType = file.storyboard; name = Base; path = Base.lproj/LaunchScreen.storyboard; sourceTree = "<group>"; };
		BF257A132829A2970030AC44 /* Info.plist */ = {isa = PBXFileReference; lastKnownFileType = text.plist.xml; path = Info.plist; sourceTree = "<group>"; };
		BF257A192829A3200030AC44 /* Model.swift */ = {isa = PBXFileReference; fileEncoding = 4; lastKnownFileType = sourcecode.swift; path = Model.swift; sourceTree = "<group>"; };
		BF257A1A2829A3200030AC44 /* MovieCell.swift */ = {isa = PBXFileReference; fileEncoding = 4; lastKnownFileType = sourcecode.swift; path = MovieCell.swift; sourceTree = "<group>"; };
		BF257A1B2829A3200030AC44 /* MovieDetailsViewController.swift */ = {isa = PBXFileReference; fileEncoding = 4; lastKnownFileType = sourcecode.swift; path = MovieDetailsViewController.swift; sourceTree = "<group>"; };
		BF257A1C2829A3200030AC44 /* MoviesViewController.swift */ = {isa = PBXFileReference; fileEncoding = 4; lastKnownFileType = sourcecode.swift; path = MoviesViewController.swift; sourceTree = "<group>"; };
		BF7E7433282AFCA400DD6425 /* Variable.swift */ = {isa = PBXFileReference; lastKnownFileType = sourcecode.swift; path = Variable.swift; sourceTree = "<group>"; };
		BF7E7435282AFCB800DD6425 /* MoviesViewModel.swift */ = {isa = PBXFileReference; lastKnownFileType = sourcecode.swift; path = MoviesViewModel.swift; sourceTree = "<group>"; };
		BF7E7439282AFE5900DD6425 /* MovieDetailsViewModel.swift */ = {isa = PBXFileReference; lastKnownFileType = sourcecode.swift; path = MovieDetailsViewModel.swift; sourceTree = "<group>"; };
		BF7E743B282B010700DD6425 /* MoviesService.swift */ = {isa = PBXFileReference; lastKnownFileType = sourcecode.swift; path = MoviesService.swift; sourceTree = "<group>"; };
		BF7E743D282B01AA00DD6425 /* MovieDetailsService.swift */ = {isa = PBXFileReference; lastKnownFileType = sourcecode.swift; path = MovieDetailsService.swift; sourceTree = "<group>"; };
		BF7E743F282B027700DD6425 /* ViewControllerProvider.swift */ = {isa = PBXFileReference; lastKnownFileType = sourcecode.swift; path = ViewControllerProvider.swift; sourceTree = "<group>"; };
/* End PBXFileReference section */

/* Begin PBXFrameworksBuildPhase section */
		BF16B385282FD5E30055379F /* Frameworks */ = {
			isa = PBXFrameworksBuildPhase;
			buildActionMask = 2147483647;
			files = (
			);
			runOnlyForDeploymentPostprocessing = 0;
		};
		BF2579FF2829A2960030AC44 /* Frameworks */ = {
			isa = PBXFrameworksBuildPhase;
			buildActionMask = 2147483647;
			files = (
			);
			runOnlyForDeploymentPostprocessing = 0;
		};
/* End PBXFrameworksBuildPhase section */

/* Begin PBXGroup section */
		BF16B389282FD5E30055379F /* AppArchitectureTests */ = {
			isa = PBXGroup;
			children = (
				BF16B38A282FD5E30055379F /* AppArchitectureTests.swift */,
			);
			path = AppArchitectureTests;
			sourceTree = "<group>";
		};
		BF2579F92829A2960030AC44 = {
			isa = PBXGroup;
			children = (
				BF257A042829A2960030AC44 /* AppArchitecture */,
				BF16B389282FD5E30055379F /* AppArchitectureTests */,
				BF257A032829A2960030AC44 /* Products */,
			);
			sourceTree = "<group>";
		};
		BF257A032829A2960030AC44 /* Products */ = {
			isa = PBXGroup;
			children = (
				BF257A022829A2960030AC44 /* AppArchitecture.app */,
				BF16B388282FD5E30055379F /* AppArchitectureTests.xctest */,
			);
			name = Products;
			sourceTree = "<group>";
		};
		BF257A042829A2960030AC44 /* AppArchitecture */ = {
			isa = PBXGroup;
			children = (
				BF257A052829A2960030AC44 /* AppDelegate.swift */,
				BF257A072829A2960030AC44 /* SceneDelegate.swift */,
				BF257A192829A3200030AC44 /* Model.swift */,
				BF7E743F282B027700DD6425 /* ViewControllerProvider.swift */,
				BF16B391282FD8700055379F /* Coordinator.swift */,
				BF16B393282FD89D0055379F /* MainCoordinator.swift */,
				BF7E7437282AFD7700DD6425 /* Movies */,
				BF7E7438282AFE3E00DD6425 /* MovieDetails */,
				BF7E7433282AFCA400DD6425 /* Variable.swift */,
				BF257A0B2829A2960030AC44 /* Main.storyboard */,
				BF257A0E2829A2970030AC44 /* Assets.xcassets */,
				BF257A102829A2970030AC44 /* LaunchScreen.storyboard */,
				BF257A132829A2970030AC44 /* Info.plist */,
			);
			path = AppArchitecture;
			sourceTree = "<group>";
		};
		BF7E7437282AFD7700DD6425 /* Movies */ = {
			isa = PBXGroup;
			children = (
				BF257A1C2829A3200030AC44 /* MoviesViewController.swift */,
				BF7E7435282AFCB800DD6425 /* MoviesViewModel.swift */,
				BF7E743B282B010700DD6425 /* MoviesService.swift */,
				BF257A1A2829A3200030AC44 /* MovieCell.swift */,
			);
			name = Movies;
			sourceTree = "<group>";
		};
		BF7E7438282AFE3E00DD6425 /* MovieDetails */ = {
			isa = PBXGroup;
			children = (
				BF257A1B2829A3200030AC44 /* MovieDetailsViewController.swift */,
				BF7E7439282AFE5900DD6425 /* MovieDetailsViewModel.swift */,
				BF7E743D282B01AA00DD6425 /* MovieDetailsService.swift */,
			);
			name = MovieDetails;
			sourceTree = "<group>";
		};
/* End PBXGroup section */

/* Begin PBXNativeTarget section */
		BF16B387282FD5E30055379F /* AppArchitectureTests */ = {
			isa = PBXNativeTarget;
			buildConfigurationList = BF16B390282FD5E30055379F /* Build configuration list for PBXNativeTarget "AppArchitectureTests" */;
			buildPhases = (
				BF16B384282FD5E30055379F /* Sources */,
				BF16B385282FD5E30055379F /* Frameworks */,
				BF16B386282FD5E30055379F /* Resources */,
			);
			buildRules = (
			);
			dependencies = (
				BF16B38D282FD5E30055379F /* PBXTargetDependency */,
			);
			name = AppArchitectureTests;
			productName = AppArchitectureTests;
			productReference = BF16B388282FD5E30055379F /* AppArchitectureTests.xctest */;
			productType = "com.apple.product-type.bundle.unit-test";
		};
		BF257A012829A2960030AC44 /* AppArchitecture */ = {
			isa = PBXNativeTarget;
			buildConfigurationList = BF257A162829A2970030AC44 /* Build configuration list for PBXNativeTarget "AppArchitecture" */;
			buildPhases = (
				BF2579FE2829A2960030AC44 /* Sources */,
				BF2579FF2829A2960030AC44 /* Frameworks */,
				BF257A002829A2960030AC44 /* Resources */,
			);
			buildRules = (
			);
			dependencies = (
			);
			name = AppArchitecture;
			productName = AppArchitecture;
			productReference = BF257A022829A2960030AC44 /* AppArchitecture.app */;
			productType = "com.apple.product-type.application";
		};
/* End PBXNativeTarget section */

/* Begin PBXProject section */
		BF2579FA2829A2960030AC44 /* Project object */ = {
			isa = PBXProject;
			attributes = {
				BuildIndependentTargetsInParallel = 1;
				LastSwiftUpdateCheck = 1330;
				LastUpgradeCheck = 1330;
				TargetAttributes = {
					BF16B387282FD5E30055379F = {
						CreatedOnToolsVersion = 13.3;
						TestTargetID = BF257A012829A2960030AC44;
					};
					BF257A012829A2960030AC44 = {
						CreatedOnToolsVersion = 13.3;
					};
				};
			};
			buildConfigurationList = BF2579FD2829A2960030AC44 /* Build configuration list for PBXProject "AppArchitecture" */;
			compatibilityVersion = "Xcode 13.0";
			developmentRegion = en;
			hasScannedForEncodings = 0;
			knownRegions = (
				en,
				Base,
			);
			mainGroup = BF2579F92829A2960030AC44;
			productRefGroup = BF257A032829A2960030AC44 /* Products */;
			projectDirPath = "";
			projectRoot = "";
			targets = (
				BF257A012829A2960030AC44 /* AppArchitecture */,
				BF16B387282FD5E30055379F /* AppArchitectureTests */,
			);
		};
/* End PBXProject section */

/* Begin PBXResourcesBuildPhase section */
		BF16B386282FD5E30055379F /* Resources */ = {
			isa = PBXResourcesBuildPhase;
			buildActionMask = 2147483647;
			files = (
			);
			runOnlyForDeploymentPostprocessing = 0;
		};
		BF257A002829A2960030AC44 /* Resources */ = {
			isa = PBXResourcesBuildPhase;
			buildActionMask = 2147483647;
			files = (
				BF257A122829A2970030AC44 /* LaunchScreen.storyboard in Resources */,
				BF257A0F2829A2970030AC44 /* Assets.xcassets in Resources */,
				BF257A0D2829A2960030AC44 /* Main.storyboard in Resources */,
			);
			runOnlyForDeploymentPostprocessing = 0;
		};
/* End PBXResourcesBuildPhase section */

/* Begin PBXSourcesBuildPhase section */
		BF16B384282FD5E30055379F /* Sources */ = {
			isa = PBXSourcesBuildPhase;
			buildActionMask = 2147483647;
			files = (
				BF16B38B282FD5E30055379F /* AppArchitectureTests.swift in Sources */,
			);
			runOnlyForDeploymentPostprocessing = 0;
		};
		BF2579FE2829A2960030AC44 /* Sources */ = {
			isa = PBXSourcesBuildPhase;
			buildActionMask = 2147483647;
			files = (
				BF7E743E282B01AA00DD6425 /* MovieDetailsService.swift in Sources */,
				BF16B394282FD89D0055379F /* MainCoordinator.swift in Sources */,
				BF257A062829A2960030AC44 /* AppDelegate.swift in Sources */,
				BF16B392282FD8700055379F /* Coordinator.swift in Sources */,
				BF7E7434282AFCA400DD6425 /* Variable.swift in Sources */,
				BF257A1F2829A3200030AC44 /* MovieDetailsViewController.swift in Sources */,
				BF257A082829A2960030AC44 /* SceneDelegate.swift in Sources */,
				BF257A1E2829A3200030AC44 /* MovieCell.swift in Sources */,
				BF257A202829A3200030AC44 /* MoviesViewController.swift in Sources */,
				BF7E743C282B010700DD6425 /* MoviesService.swift in Sources */,
				BF257A1D2829A3200030AC44 /* Model.swift in Sources */,
				BF7E7440282B027700DD6425 /* ViewControllerProvider.swift in Sources */,
				BF7E7436282AFCB800DD6425 /* MoviesViewModel.swift in Sources */,
				BF7E743A282AFE5900DD6425 /* MovieDetailsViewModel.swift in Sources */,
			);
			runOnlyForDeploymentPostprocessing = 0;
		};
/* End PBXSourcesBuildPhase section */

/* Begin PBXTargetDependency section */
		BF16B38D282FD5E30055379F /* PBXTargetDependency */ = {
			isa = PBXTargetDependency;
			target = BF257A012829A2960030AC44 /* AppArchitecture */;
			targetProxy = BF16B38C282FD5E30055379F /* PBXContainerItemProxy */;
		};
/* End PBXTargetDependency section */

/* Begin PBXVariantGroup section */
		BF257A0B2829A2960030AC44 /* Main.storyboard */ = {
			isa = PBXVariantGroup;
			children = (
				BF257A0C2829A2960030AC44 /* Base */,
			);
			name = Main.storyboard;
			sourceTree = "<group>";
		};
		BF257A102829A2970030AC44 /* LaunchScreen.storyboard */ = {
			isa = PBXVariantGroup;
			children = (
				BF257A112829A2970030AC44 /* Base */,
			);
			name = LaunchScreen.storyboard;
			sourceTree = "<group>";
		};
/* End PBXVariantGroup section */

/* Begin XCBuildConfiguration section */
		BF16B38E282FD5E30055379F /* Debug */ = {
			isa = XCBuildConfiguration;
			buildSettings = {
				BUNDLE_LOADER = "$(TEST_HOST)";
				CODE_SIGN_STYLE = Automatic;
				CURRENT_PROJECT_VERSION = 1;
				DEVELOPMENT_TEAM = 2937XWQ9VF;
				GENERATE_INFOPLIST_FILE = YES;
				MARKETING_VERSION = 1.0;
				PRODUCT_BUNDLE_IDENTIFIER = com.vincentpradeilles.AppArchitectureTests;
				PRODUCT_NAME = "$(TARGET_NAME)";
				SWIFT_EMIT_LOC_STRINGS = NO;
				SWIFT_VERSION = 5.0;
				TARGETED_DEVICE_FAMILY = "1,2";
				TEST_HOST = "$(BUILT_PRODUCTS_DIR)/AppArchitecture.app/AppArchitecture";
			};
			name = Debug;
		};
		BF16B38F282FD5E30055379F /* Release */ = {
			isa = XCBuildConfiguration;
			buildSettings = {
				BUNDLE_LOADER = "$(TEST_HOST)";
				CODE_SIGN_STYLE = Automatic;
				CURRENT_PROJECT_VERSION = 1;
				DEVELOPMENT_TEAM = 2937XWQ9VF;
				GENERATE_INFOPLIST_FILE = YES;
				MARKETING_VERSION = 1.0;
				PRODUCT_BUNDLE_IDENTIFIER = com.vincentpradeilles.AppArchitectureTests;
				PRODUCT_NAME = "$(TARGET_NAME)";
				SWIFT_EMIT_LOC_STRINGS = NO;
				SWIFT_VERSION = 5.0;
				TARGETED_DEVICE_FAMILY = "1,2";
				TEST_HOST = "$(BUILT_PRODUCTS_DIR)/AppArchitecture.app/AppArchitecture";
			};
			name = Release;
		};
		BF257A142829A2970030AC44 /* Debug */ = {
			isa = XCBuildConfiguration;
			buildSettings = {
				ALWAYS_SEARCH_USER_PATHS = NO;
				CLANG_ANALYZER_NONNULL = YES;
				CLANG_ANALYZER_NUMBER_OBJECT_CONVERSION = YES_AGGRESSIVE;
				CLANG_CXX_LANGUAGE_STANDARD = "gnu++17";
				CLANG_ENABLE_MODULES = YES;
				CLANG_ENABLE_OBJC_ARC = YES;
				CLANG_ENABLE_OBJC_WEAK = YES;
				CLANG_WARN_BLOCK_CAPTURE_AUTORELEASING = YES;
				CLANG_WARN_BOOL_CONVERSION = YES;
				CLANG_WARN_COMMA = YES;
				CLANG_WARN_CONSTANT_CONVERSION = YES;
				CLANG_WARN_DEPRECATED_OBJC_IMPLEMENTATIONS = YES;
				CLANG_WARN_DIRECT_OBJC_ISA_USAGE = YES_ERROR;
				CLANG_WARN_DOCUMENTATION_COMMENTS = YES;
				CLANG_WARN_EMPTY_BODY = YES;
				CLANG_WARN_ENUM_CONVERSION = YES;
				CLANG_WARN_INFINITE_RECURSION = YES;
				CLANG_WARN_INT_CONVERSION = YES;
				CLANG_WARN_NON_LITERAL_NULL_CONVERSION = YES;
				CLANG_WARN_OBJC_IMPLICIT_RETAIN_SELF = YES;
				CLANG_WARN_OBJC_LITERAL_CONVERSION = YES;
				CLANG_WARN_OBJC_ROOT_CLASS = YES_ERROR;
				CLANG_WARN_QUOTED_INCLUDE_IN_FRAMEWORK_HEADER = YES;
				CLANG_WARN_RANGE_LOOP_ANALYSIS = YES;
				CLANG_WARN_STRICT_PROTOTYPES = YES;
				CLANG_WARN_SUSPICIOUS_MOVE = YES;
				CLANG_WARN_UNGUARDED_AVAILABILITY = YES_AGGRESSIVE;
				CLANG_WARN_UNREACHABLE_CODE = YES;
				CLANG_WARN__DUPLICATE_METHOD_MATCH = YES;
				COPY_PHASE_STRIP = NO;
				DEBUG_INFORMATION_FORMAT = dwarf;
				ENABLE_STRICT_OBJC_MSGSEND = YES;
				ENABLE_TESTABILITY = YES;
				GCC_C_LANGUAGE_STANDARD = gnu11;
				GCC_DYNAMIC_NO_PIC = NO;
				GCC_NO_COMMON_BLOCKS = YES;
				GCC_OPTIMIZATION_LEVEL = 0;
				GCC_PREPROCESSOR_DEFINITIONS = (
					"DEBUG=1",
					"$(inherited)",
				);
				GCC_WARN_64_TO_32_BIT_CONVERSION = YES;
				GCC_WARN_ABOUT_RETURN_TYPE = YES_ERROR;
				GCC_WARN_UNDECLARED_SELECTOR = YES;
				GCC_WARN_UNINITIALIZED_AUTOS = YES_AGGRESSIVE;
				GCC_WARN_UNUSED_FUNCTION = YES;
				GCC_WARN_UNUSED_VARIABLE = YES;
				IPHONEOS_DEPLOYMENT_TARGET = 15.4;
				MTL_ENABLE_DEBUG_INFO = INCLUDE_SOURCE;
				MTL_FAST_MATH = YES;
				ONLY_ACTIVE_ARCH = YES;
				SDKROOT = iphoneos;
				SWIFT_ACTIVE_COMPILATION_CONDITIONS = DEBUG;
				SWIFT_OPTIMIZATION_LEVEL = "-Onone";
			};
			name = Debug;
		};
		BF257A152829A2970030AC44 /* Release */ = {
			isa = XCBuildConfiguration;
			buildSettings = {
				ALWAYS_SEARCH_USER_PATHS = NO;
				CLANG_ANALYZER_NONNULL = YES;
				CLANG_ANALYZER_NUMBER_OBJECT_CONVERSION = YES_AGGRESSIVE;
				CLANG_CXX_LANGUAGE_STANDARD = "gnu++17";
				CLANG_ENABLE_MODULES = YES;
				CLANG_ENABLE_OBJC_ARC = YES;
				CLANG_ENABLE_OBJC_WEAK = YES;
				CLANG_WARN_BLOCK_CAPTURE_AUTORELEASING = YES;
				CLANG_WARN_BOOL_CONVERSION = YES;
				CLANG_WARN_COMMA = YES;
				CLANG_WARN_CONSTANT_CONVERSION = YES;
				CLANG_WARN_DEPRECATED_OBJC_IMPLEMENTATIONS = YES;
				CLANG_WARN_DIRECT_OBJC_ISA_USAGE = YES_ERROR;
				CLANG_WARN_DOCUMENTATION_COMMENTS = YES;
				CLANG_WARN_EMPTY_BODY = YES;
				CLANG_WARN_ENUM_CONVERSION = YES;
				CLANG_WARN_INFINITE_RECURSION = YES;
				CLANG_WARN_INT_CONVERSION = YES;
				CLANG_WARN_NON_LITERAL_NULL_CONVERSION = YES;
				CLANG_WARN_OBJC_IMPLICIT_RETAIN_SELF = YES;
				CLANG_WARN_OBJC_LITERAL_CONVERSION = YES;
				CLANG_WARN_OBJC_ROOT_CLASS = YES_ERROR;
				CLANG_WARN_QUOTED_INCLUDE_IN_FRAMEWORK_HEADER = YES;
				CLANG_WARN_RANGE_LOOP_ANALYSIS = YES;
				CLANG_WARN_STRICT_PROTOTYPES = YES;
				CLANG_WARN_SUSPICIOUS_MOVE = YES;
				CLANG_WARN_UNGUARDED_AVAILABILITY = YES_AGGRESSIVE;
				CLANG_WARN_UNREACHABLE_CODE = YES;
				CLANG_WARN__DUPLICATE_METHOD_MATCH = YES;
				COPY_PHASE_STRIP = NO;
				DEBUG_INFORMATION_FORMAT = "dwarf-with-dsym";
				ENABLE_NS_ASSERTIONS = NO;
				ENABLE_STRICT_OBJC_MSGSEND = YES;
				GCC_C_LANGUAGE_STANDARD = gnu11;
				GCC_NO_COMMON_BLOCKS = YES;
				GCC_WARN_64_TO_32_BIT_CONVERSION = YES;
				GCC_WARN_ABOUT_RETURN_TYPE = YES_ERROR;
				GCC_WARN_UNDECLARED_SELECTOR = YES;
				GCC_WARN_UNINITIALIZED_AUTOS = YES_AGGRESSIVE;
				GCC_WARN_UNUSED_FUNCTION = YES;
				GCC_WARN_UNUSED_VARIABLE = YES;
				IPHONEOS_DEPLOYMENT_TARGET = 15.4;
				MTL_ENABLE_DEBUG_INFO = NO;
				MTL_FAST_MATH = YES;
				SDKROOT = iphoneos;
				SWIFT_COMPILATION_MODE = wholemodule;
				SWIFT_OPTIMIZATION_LEVEL = "-O";
				VALIDATE_PRODUCT = YES;
			};
			name = Release;
		};
		BF257A172829A2970030AC44 /* Debug */ = {
			isa = XCBuildConfiguration;
			buildSettings = {
				ASSETCATALOG_COMPILER_APPICON_NAME = AppIcon;
				ASSETCATALOG_COMPILER_GLOBAL_ACCENT_COLOR_NAME = AccentColor;
				CODE_SIGN_STYLE = Automatic;
				CURRENT_PROJECT_VERSION = 1;
				DEVELOPMENT_TEAM = 2937XWQ9VF;
				GENERATE_INFOPLIST_FILE = YES;
				INFOPLIST_FILE = AppArchitecture/Info.plist;
				INFOPLIST_KEY_UIApplicationSupportsIndirectInputEvents = YES;
				INFOPLIST_KEY_UILaunchStoryboardName = LaunchScreen;
				INFOPLIST_KEY_UISupportedInterfaceOrientations_iPad = "UIInterfaceOrientationPortrait UIInterfaceOrientationPortraitUpsideDown UIInterfaceOrientationLandscapeLeft UIInterfaceOrientationLandscapeRight";
				INFOPLIST_KEY_UISupportedInterfaceOrientations_iPhone = "UIInterfaceOrientationPortrait UIInterfaceOrientationLandscapeLeft UIInterfaceOrientationLandscapeRight";
				LD_RUNPATH_SEARCH_PATHS = (
					"$(inherited)",
					"@executable_path/Frameworks",
				);
				MARKETING_VERSION = 1.0;
				PRODUCT_BUNDLE_IDENTIFIER = com.vincentpradeilles.AppArchitecture;
				PRODUCT_NAME = "$(TARGET_NAME)";
				SWIFT_EMIT_LOC_STRINGS = YES;
				SWIFT_VERSION = 5.0;
				TARGETED_DEVICE_FAMILY = "1,2";
			};
			name = Debug;
		};
		BF257A182829A2970030AC44 /* Release */ = {
			isa = XCBuildConfiguration;
			buildSettings = {
				ASSETCATALOG_COMPILER_APPICON_NAME = AppIcon;
				ASSETCATALOG_COMPILER_GLOBAL_ACCENT_COLOR_NAME = AccentColor;
				CODE_SIGN_STYLE = Automatic;
				CURRENT_PROJECT_VERSION = 1;
				DEVELOPMENT_TEAM = 2937XWQ9VF;
				GENERATE_INFOPLIST_FILE = YES;
				INFOPLIST_FILE = AppArchitecture/Info.plist;
				INFOPLIST_KEY_UIApplicationSupportsIndirectInputEvents = YES;
				INFOPLIST_KEY_UILaunchStoryboardName = LaunchScreen;
				INFOPLIST_KEY_UISupportedInterfaceOrientations_iPad = "UIInterfaceOrientationPortrait UIInterfaceOrientationPortraitUpsideDown UIInterfaceOrientationLandscapeLeft UIInterfaceOrientationLandscapeRight";
				INFOPLIST_KEY_UISupportedInterfaceOrientations_iPhone = "UIInterfaceOrientationPortrait UIInterfaceOrientationLandscapeLeft UIInterfaceOrientationLandscapeRight";
				LD_RUNPATH_SEARCH_PATHS = (
					"$(inherited)",
					"@executable_path/Frameworks",
				);
				MARKETING_VERSION = 1.0;
				PRODUCT_BUNDLE_IDENTIFIER = com.vincentpradeilles.AppArchitecture;
				PRODUCT_NAME = "$(TARGET_NAME)";
				SWIFT_EMIT_LOC_STRINGS = YES;
				SWIFT_VERSION = 5.0;
				TARGETED_DEVICE_FAMILY = "1,2";
			};
			name = Release;
		};
/* End XCBuildConfiguration section */

/* Begin XCConfigurationList section */
		BF16B390282FD5E30055379F /* Build configuration list for PBXNativeTarget "AppArchitectureTests" */ = {
			isa = XCConfigurationList;
			buildConfigurations = (
				BF16B38E282FD5E30055379F /* Debug */,
				BF16B38F282FD5E30055379F /* Release */,
			);
			defaultConfigurationIsVisible = 0;
			defaultConfigurationName = Release;
		};
		BF2579FD2829A2960030AC44 /* Build configuration list for PBXProject "AppArchitecture" */ = {
			isa = XCConfigurationList;
			buildConfigurations = (
				BF257A142829A2970030AC44 /* Debug */,
				BF257A152829A2970030AC44 /* Release */,
			);
			defaultConfigurationIsVisible = 0;
			defaultConfigurationName = Release;
		};
		BF257A162829A2970030AC44 /* Build configuration list for PBXNativeTarget "AppArchitecture" */ = {
			isa = XCConfigurationList;
			buildConfigurations = (
				BF257A172829A2970030AC44 /* Debug */,
				BF257A182829A2970030AC44 /* Release */,
			);
			defaultConfigurationIsVisible = 0;
			defaultConfigurationName = Release;
		};
/* End XCConfigurationList section */
	};
	rootObject = BF2579FA2829A2960030AC44 /* Project object */;
}
